// !$*UTF8*$!
{
	archiveVersion = 1;
	classes = {
	};
	objectVersion = 51;
	objects = {

/* Begin PBXBuildFile section */
		A036DA85435A6BB3137565E2 /* Pods_CodeChallenge.framework in Frameworks */ = {isa = PBXBuildFile; fileRef = 294D39E4935876021CAE2BE5 /* Pods_CodeChallenge.framework */; };
		E32CD40C256C285100361427 /* AppDelegate.swift in Sources */ = {isa = PBXBuildFile; fileRef = E32CD40B256C285100361427 /* AppDelegate.swift */; };
		E32CD410256C285100361427 /* HomeViewController.swift in Sources */ = {isa = PBXBuildFile; fileRef = E32CD40F256C285100361427 /* HomeViewController.swift */; };
		E32CD415256C285200361427 /* Assets.xcassets in Resources */ = {isa = PBXBuildFile; fileRef = E32CD414256C285200361427 /* Assets.xcassets */; };
		E32CD418256C285200361427 /* LaunchScreen.storyboard in Resources */ = {isa = PBXBuildFile; fileRef = E32CD416256C285200361427 /* LaunchScreen.storyboard */; };
		E32CD425256C310E00361427 /* ContentTableViewCell.swift in Sources */ = {isa = PBXBuildFile; fileRef = E32CD424256C310E00361427 /* ContentTableViewCell.swift */; };
		E32CD428256C3CA100361427 /* ContentData.swift in Sources */ = {isa = PBXBuildFile; fileRef = E32CD427256C3CA100361427 /* ContentData.swift */; };
		E32CD42B256C3EBD00361427 /* ContentDownloader.swift in Sources */ = {isa = PBXBuildFile; fileRef = E32CD42A256C3EBD00361427 /* ContentDownloader.swift */; };
		E3F0CB57256CCD430086F948 /* ActualSizeImageViewController.swift in Sources */ = {isa = PBXBuildFile; fileRef = E3F0CB56256CCD430086F948 /* ActualSizeImageViewController.swift */; };
/* End PBXBuildFile section */

/* Begin PBXFileReference section */
		278090823867D8EFF48C50B6 /* Pods-CodeChallenge.release.xcconfig */ = {isa = PBXFileReference; includeInIndex = 1; lastKnownFileType = text.xcconfig; name = "Pods-CodeChallenge.release.xcconfig"; path = "Target Support Files/Pods-CodeChallenge/Pods-CodeChallenge.release.xcconfig"; sourceTree = "<group>"; };
		294D39E4935876021CAE2BE5 /* Pods_CodeChallenge.framework */ = {isa = PBXFileReference; explicitFileType = wrapper.framework; includeInIndex = 0; path = Pods_CodeChallenge.framework; sourceTree = BUILT_PRODUCTS_DIR; };
		6356F7BEC2F11373F6CD37B9 /* Pods-CodeChallenge.debug.xcconfig */ = {isa = PBXFileReference; includeInIndex = 1; lastKnownFileType = text.xcconfig; name = "Pods-CodeChallenge.debug.xcconfig"; path = "Target Support Files/Pods-CodeChallenge/Pods-CodeChallenge.debug.xcconfig"; sourceTree = "<group>"; };
		E32CD408256C285100361427 /* CodeChallenge.app */ = {isa = PBXFileReference; explicitFileType = wrapper.application; includeInIndex = 0; path = CodeChallenge.app; sourceTree = BUILT_PRODUCTS_DIR; };
		E32CD40B256C285100361427 /* AppDelegate.swift */ = {isa = PBXFileReference; lastKnownFileType = sourcecode.swift; path = AppDelegate.swift; sourceTree = "<group>"; };
		E32CD40F256C285100361427 /* HomeViewController.swift */ = {isa = PBXFileReference; lastKnownFileType = sourcecode.swift; path = HomeViewController.swift; sourceTree = "<group>"; };
		E32CD414256C285200361427 /* Assets.xcassets */ = {isa = PBXFileReference; lastKnownFileType = folder.assetcatalog; path = Assets.xcassets; sourceTree = "<group>"; };
		E32CD417256C285200361427 /* Base */ = {isa = PBXFileReference; lastKnownFileType = file.storyboard; name = Base; path = Base.lproj/LaunchScreen.storyboard; sourceTree = "<group>"; };
		E32CD419256C285200361427 /* Info.plist */ = {isa = PBXFileReference; lastKnownFileType = text.plist.xml; path = Info.plist; sourceTree = "<group>"; };
		E32CD424256C310E00361427 /* ContentTableViewCell.swift */ = {isa = PBXFileReference; lastKnownFileType = sourcecode.swift; path = ContentTableViewCell.swift; sourceTree = "<group>"; };
		E32CD427256C3CA100361427 /* ContentData.swift */ = {isa = PBXFileReference; lastKnownFileType = sourcecode.swift; path = ContentData.swift; sourceTree = "<group>"; };
		E32CD42A256C3EBD00361427 /* ContentDownloader.swift */ = {isa = PBXFileReference; lastKnownFileType = sourcecode.swift; path = ContentDownloader.swift; sourceTree = "<group>"; };
		E3F0CB56256CCD430086F948 /* ActualSizeImageViewController.swift */ = {isa = PBXFileReference; lastKnownFileType = sourcecode.swift; path = ActualSizeImageViewController.swift; sourceTree = "<group>"; };
/* End PBXFileReference section */

/* Begin PBXFrameworksBuildPhase section */
		E32CD405256C285100361427 /* Frameworks */ = {
			isa = PBXFrameworksBuildPhase;
			buildActionMask = 2147483647;
			files = (
				A036DA85435A6BB3137565E2 /* Pods_CodeChallenge.framework in Frameworks */,
			);
			runOnlyForDeploymentPostprocessing = 0;
		};
/* End PBXFrameworksBuildPhase section */

/* Begin PBXGroup section */
		3CEFF94A6EA41BE13E310A38 /* Frameworks */ = {
			isa = PBXGroup;
			children = (
				294D39E4935876021CAE2BE5 /* Pods_CodeChallenge.framework */,
			);
			name = Frameworks;
			sourceTree = "<group>";
		};
		683607872BF1A7FFF84A5C68 /* Pods */ = {
			isa = PBXGroup;
			children = (
				6356F7BEC2F11373F6CD37B9 /* Pods-CodeChallenge.debug.xcconfig */,
				278090823867D8EFF48C50B6 /* Pods-CodeChallenge.release.xcconfig */,
			);
			path = Pods;
			sourceTree = "<group>";
		};
		E32CD3FF256C285100361427 = {
			isa = PBXGroup;
			children = (
				E32CD40A256C285100361427 /* CodeChallenge */,
				E32CD409256C285100361427 /* Products */,
				683607872BF1A7FFF84A5C68 /* Pods */,
				3CEFF94A6EA41BE13E310A38 /* Frameworks */,
			);
			sourceTree = "<group>";
		};
		E32CD409256C285100361427 /* Products */ = {
			isa = PBXGroup;
			children = (
				E32CD408256C285100361427 /* CodeChallenge.app */,
			);
			name = Products;
			sourceTree = "<group>";
		};
		E32CD40A256C285100361427 /* CodeChallenge */ = {
			isa = PBXGroup;
			children = (
				E3F0CB53256CAC1A0086F948 /* Helper */,
				E32CD429256C3E3200361427 /* Download Manager */,
				E32CD426256C3C8A00361427 /* Data Model */,
				E32CD423256C30EA00361427 /* Views */,
				E32CD422256C30DB00361427 /* ViewControllers */,
				E32CD421256C30CF00361427 /* AppDelegate */,
				E32CD414256C285200361427 /* Assets.xcassets */,
				E32CD416256C285200361427 /* LaunchScreen.storyboard */,
				E32CD419256C285200361427 /* Info.plist */,
			);
			path = CodeChallenge;
			sourceTree = "<group>";
		};
		E32CD421256C30CF00361427 /* AppDelegate */ = {
			isa = PBXGroup;
			children = (
				E32CD40B256C285100361427 /* AppDelegate.swift */,
			);
			path = AppDelegate;
			sourceTree = "<group>";
		};
		E32CD422256C30DB00361427 /* ViewControllers */ = {
			isa = PBXGroup;
			children = (
				E32CD40F256C285100361427 /* HomeViewController.swift */,
				E3F0CB56256CCD430086F948 /* ActualSizeImageViewController.swift */,
			);
			path = ViewControllers;
			sourceTree = "<group>";
		};
		E32CD423256C30EA00361427 /* Views */ = {
			isa = PBXGroup;
			children = (
				E32CD424256C310E00361427 /* ContentTableViewCell.swift */,
			);
			path = Views;
			sourceTree = "<group>";
		};
		E32CD426256C3C8A00361427 /* Data Model */ = {
			isa = PBXGroup;
			children = (
				E32CD427256C3CA100361427 /* ContentData.swift */,
			);
			path = "Data Model";
			sourceTree = "<group>";
		};
		E32CD429256C3E3200361427 /* Download Manager */ = {
			isa = PBXGroup;
			children = (
				E32CD42A256C3EBD00361427 /* ContentDownloader.swift */,
			);
			path = "Download Manager";
			sourceTree = "<group>";
		};
		E3F0CB53256CAC1A0086F948 /* Helper */ = {
			isa = PBXGroup;
			children = (
			);
			path = Helper;
			sourceTree = "<group>";
		};
/* End PBXGroup section */

/* Begin PBXNativeTarget section */
		E32CD407256C285100361427 /* CodeChallenge */ = {
			isa = PBXNativeTarget;
			buildConfigurationList = E32CD41C256C285200361427 /* Build configuration list for PBXNativeTarget "CodeChallenge" */;
			buildPhases = (
				697DA20970CC8FE2D2923AFE /* [CP] Check Pods Manifest.lock */,
				E32CD404256C285100361427 /* Sources */,
				E32CD405256C285100361427 /* Frameworks */,
				E32CD406256C285100361427 /* Resources */,
				C66C651FA3DEBCB85DB93034 /* [CP] Embed Pods Frameworks */,
			);
			buildRules = (
			);
			dependencies = (
			);
			name = CodeChallenge;
			productName = CodeChallenge;
			productReference = E32CD408256C285100361427 /* CodeChallenge.app */;
			productType = "com.apple.product-type.application";
		};
/* End PBXNativeTarget section */

/* Begin PBXProject section */
		E32CD400256C285100361427 /* Project object */ = {
			isa = PBXProject;
			attributes = {
				LastSwiftUpdateCheck = 1170;
				LastUpgradeCheck = 1170;
				ORGANIZATIONNAME = "Somnath Rasal";
				TargetAttributes = {
					E32CD407256C285100361427 = {
						CreatedOnToolsVersion = 11.7;
					};
				};
			};
			buildConfigurationList = E32CD403256C285100361427 /* Build configuration list for PBXProject "CodeChallenge" */;
			compatibilityVersion = "Xcode 9.3";
			developmentRegion = en;
			hasScannedForEncodings = 0;
			knownRegions = (
				en,
				Base,
			);
			mainGroup = E32CD3FF256C285100361427;
			productRefGroup = E32CD409256C285100361427 /* Products */;
			projectDirPath = "";
			projectRoot = "";
			targets = (
				E32CD407256C285100361427 /* CodeChallenge */,
			);
		};
/* End PBXProject section */

/* Begin PBXResourcesBuildPhase section */
		E32CD406256C285100361427 /* Resources */ = {
			isa = PBXResourcesBuildPhase;
			buildActionMask = 2147483647;
			files = (
				E32CD418256C285200361427 /* LaunchScreen.storyboard in Resources */,
				E32CD415256C285200361427 /* Assets.xcassets in Resources */,
			);
			runOnlyForDeploymentPostprocessing = 0;
		};
/* End PBXResourcesBuildPhase section */

/* Begin PBXShellScriptBuildPhase section */
		697DA20970CC8FE2D2923AFE /* [CP] Check Pods Manifest.lock */ = {
			isa = PBXShellScriptBuildPhase;
			buildActionMask = 2147483647;
			files = (
			);
			inputFileListPaths = (
			);
			inputPaths = (
				"${PODS_PODFILE_DIR_PATH}/Podfile.lock",
				"${PODS_ROOT}/Manifest.lock",
			);
			name = "[CP] Check Pods Manifest.lock";
			outputFileListPaths = (
			);
			outputPaths = (
				"$(DERIVED_FILE_DIR)/Pods-CodeChallenge-checkManifestLockResult.txt",
			);
			runOnlyForDeploymentPostprocessing = 0;
			shellPath = /bin/sh;
			shellScript = "diff \"${PODS_PODFILE_DIR_PATH}/Podfile.lock\" \"${PODS_ROOT}/Manifest.lock\" > /dev/null\nif [ $? != 0 ] ; then\n    # print error to STDERR\n    echo \"error: The sandbox is not in sync with the Podfile.lock. Run 'pod install' or update your CocoaPods installation.\" >&2\n    exit 1\nfi\n# This output is used by Xcode 'outputs' to avoid re-running this script phase.\necho \"SUCCESS\" > \"${SCRIPT_OUTPUT_FILE_0}\"\n";
			showEnvVarsInLog = 0;
		};
		C66C651FA3DEBCB85DB93034 /* [CP] Embed Pods Frameworks */ = {
			isa = PBXShellScriptBuildPhase;
			buildActionMask = 2147483647;
			files = (
			);
			inputFileListPaths = (
				"${PODS_ROOT}/Target Support Files/Pods-CodeChallenge/Pods-CodeChallenge-frameworks-${CONFIGURATION}-input-files.xcfilelist",
			);
			name = "[CP] Embed Pods Frameworks";
			outputFileListPaths = (
				"${PODS_ROOT}/Target Support Files/Pods-CodeChallenge/Pods-CodeChallenge-frameworks-${CONFIGURATION}-output-files.xcfilelist",
			);
			runOnlyForDeploymentPostprocessing = 0;
			shellPath = /bin/sh;
			shellScript = "\"${PODS_ROOT}/Target Support Files/Pods-CodeChallenge/Pods-CodeChallenge-frameworks.sh\"\n";
			showEnvVarsInLog = 0;
		};
/* End PBXShellScriptBuildPhase section */

/* Begin PBXSourcesBuildPhase section */
		E32CD404256C285100361427 /* Sources */ = {
			isa = PBXSourcesBuildPhase;
			buildActionMask = 2147483647;
			files = (
				E32CD410256C285100361427 /* HomeViewController.swift in Sources */,
				E32CD428256C3CA100361427 /* ContentData.swift in Sources */,
				E32CD40C256C285100361427 /* AppDelegate.swift in Sources */,
				E32CD425256C310E00361427 /* ContentTableViewCell.swift in Sources */,
				E32CD42B256C3EBD00361427 /* ContentDownloader.swift in Sources */,
				E3F0CB57256CCD430086F948 /* ActualSizeImageViewController.swift in Sources */,
			);
			runOnlyForDeploymentPostprocessing = 0;
		};
/* End PBXSourcesBuildPhase section */

/* Begin PBXVariantGroup section */
		E32CD416256C285200361427 /* LaunchScreen.storyboard */ = {
			isa = PBXVariantGroup;
			children = (
				E32CD417256C285200361427 /* Base */,
			);
			name = LaunchScreen.storyboard;
			sourceTree = "<group>";
		};
/* End PBXVariantGroup section */

/* Begin XCBuildConfiguration section */
		E32CD41A256C285200361427 /* Debug */ = {
			isa = XCBuildConfiguration;
			buildSettings = {
				ALWAYS_SEARCH_USER_PATHS = NO;
				CLANG_ANALYZER_NONNULL = YES;
				CLANG_ANALYZER_NUMBER_OBJECT_CONVERSION = YES_AGGRESSIVE;
				CLANG_CXX_LANGUAGE_STANDARD = "gnu++14";
				CLANG_CXX_LIBRARY = "libc++";
				CLANG_ENABLE_MODULES = YES;
				CLANG_ENABLE_OBJC_ARC = YES;
				CLANG_ENABLE_OBJC_WEAK = YES;
				CLANG_WARN_BLOCK_CAPTURE_AUTORELEASING = YES;
				CLANG_WARN_BOOL_CONVERSION = YES;
				CLANG_WARN_COMMA = YES;
				CLANG_WARN_CONSTANT_CONVERSION = YES;
				CLANG_WARN_DEPRECATED_OBJC_IMPLEMENTATIONS = YES;
				CLANG_WARN_DIRECT_OBJC_ISA_USAGE = YES_ERROR;
				CLANG_WARN_DOCUMENTATION_COMMENTS = YES;
				CLANG_WARN_EMPTY_BODY = YES;
				CLANG_WARN_ENUM_CONVERSION = YES;
				CLANG_WARN_INFINITE_RECURSION = YES;
				CLANG_WARN_INT_CONVERSION = YES;
				CLANG_WARN_NON_LITERAL_NULL_CONVERSION = YES;
				CLANG_WARN_OBJC_IMPLICIT_RETAIN_SELF = YES;
				CLANG_WARN_OBJC_LITERAL_CONVERSION = YES;
				CLANG_WARN_OBJC_ROOT_CLASS = YES_ERROR;
				CLANG_WARN_RANGE_LOOP_ANALYSIS = YES;
				CLANG_WARN_STRICT_PROTOTYPES = YES;
				CLANG_WARN_SUSPICIOUS_MOVE = YES;
				CLANG_WARN_UNGUARDED_AVAILABILITY = YES_AGGRESSIVE;
				CLANG_WARN_UNREACHABLE_CODE = YES;
				CLANG_WARN__DUPLICATE_METHOD_MATCH = YES;
				COPY_PHASE_STRIP = NO;
				DEBUG_INFORMATION_FORMAT = dwarf;
				ENABLE_STRICT_OBJC_MSGSEND = YES;
				ENABLE_TESTABILITY = YES;
				GCC_C_LANGUAGE_STANDARD = gnu11;
				GCC_DYNAMIC_NO_PIC = NO;
				GCC_NO_COMMON_BLOCKS = YES;
				GCC_OPTIMIZATION_LEVEL = 0;
				GCC_PREPROCESSOR_DEFINITIONS = (
					"DEBUG=1",
					"$(inherited)",
				);
				GCC_WARN_64_TO_32_BIT_CONVERSION = YES;
				GCC_WARN_ABOUT_RETURN_TYPE = YES_ERROR;
				GCC_WARN_UNDECLARED_SELECTOR = YES;
				GCC_WARN_UNINITIALIZED_AUTOS = YES_AGGRESSIVE;
				GCC_WARN_UNUSED_FUNCTION = YES;
				GCC_WARN_UNUSED_VARIABLE = YES;
				IPHONEOS_DEPLOYMENT_TARGET = 13.7;
				MTL_ENABLE_DEBUG_INFO = INCLUDE_SOURCE;
				MTL_FAST_MATH = YES;
				ONLY_ACTIVE_ARCH = YES;
				SDKROOT = iphoneos;
				SWIFT_ACTIVE_COMPILATION_CONDITIONS = DEBUG;
				SWIFT_OPTIMIZATION_LEVEL = "-Onone";
			};
			name = Debug;
		};
		E32CD41B256C285200361427 /* Release */ = {
			isa = XCBuildConfiguration;
			buildSettings = {
				ALWAYS_SEARCH_USER_PATHS = NO;
				CLANG_ANALYZER_NONNULL = YES;
				CLANG_ANALYZER_NUMBER_OBJECT_CONVERSION = YES_AGGRESSIVE;
				CLANG_CXX_LANGUAGE_STANDARD = "gnu++14";
				CLANG_CXX_LIBRARY = "libc++";
				CLANG_ENABLE_MODULES = YES;
				CLANG_ENABLE_OBJC_ARC = YES;
				CLANG_ENABLE_OBJC_WEAK = YES;
				CLANG_WARN_BLOCK_CAPTURE_AUTORELEASING = YES;
				CLANG_WARN_BOOL_CONVERSION = YES;
				CLANG_WARN_COMMA = YES;
				CLANG_WARN_CONSTANT_CONVERSION = YES;
				CLANG_WARN_DEPRECATED_OBJC_IMPLEMENTATIONS = YES;
				CLANG_WARN_DIRECT_OBJC_ISA_USAGE = YES_ERROR;
				CLANG_WARN_DOCUMENTATION_COMMENTS = YES;
				CLANG_WARN_EMPTY_BODY = YES;
				CLANG_WARN_ENUM_CONVERSION = YES;
				CLANG_WARN_INFINITE_RECURSION = YES;
				CLANG_WARN_INT_CONVERSION = YES;
				CLANG_WARN_NON_LITERAL_NULL_CONVERSION = YES;
				CLANG_WARN_OBJC_IMPLICIT_RETAIN_SELF = YES;
				CLANG_WARN_OBJC_LITERAL_CONVERSION = YES;
				CLANG_WARN_OBJC_ROOT_CLASS = YES_ERROR;
				CLANG_WARN_RANGE_LOOP_ANALYSIS = YES;
				CLANG_WARN_STRICT_PROTOTYPES = YES;
				CLANG_WARN_SUSPICIOUS_MOVE = YES;
				CLANG_WARN_UNGUARDED_AVAILABILITY = YES_AGGRESSIVE;
				CLANG_WARN_UNREACHABLE_CODE = YES;
				CLANG_WARN__DUPLICATE_METHOD_MATCH = YES;
				COPY_PHASE_STRIP = NO;
				DEBUG_INFORMATION_FORMAT = "dwarf-with-dsym";
				ENABLE_NS_ASSERTIONS = NO;
				ENABLE_STRICT_OBJC_MSGSEND = YES;
				GCC_C_LANGUAGE_STANDARD = gnu11;
				GCC_NO_COMMON_BLOCKS = YES;
				GCC_WARN_64_TO_32_BIT_CONVERSION = YES;
				GCC_WARN_ABOUT_RETURN_TYPE = YES_ERROR;
				GCC_WARN_UNDECLARED_SELECTOR = YES;
				GCC_WARN_UNINITIALIZED_AUTOS = YES_AGGRESSIVE;
				GCC_WARN_UNUSED_FUNCTION = YES;
				GCC_WARN_UNUSED_VARIABLE = YES;
				IPHONEOS_DEPLOYMENT_TARGET = 13.7;
				MTL_ENABLE_DEBUG_INFO = NO;
				MTL_FAST_MATH = YES;
				SDKROOT = iphoneos;
				SWIFT_COMPILATION_MODE = wholemodule;
				SWIFT_OPTIMIZATION_LEVEL = "-O";
				VALIDATE_PRODUCT = YES;
			};
			name = Release;
		};
		E32CD41D256C285200361427 /* Debug */ = {
			isa = XCBuildConfiguration;
			baseConfigurationReference = 6356F7BEC2F11373F6CD37B9 /* Pods-CodeChallenge.debug.xcconfig */;
			buildSettings = {
				ASSETCATALOG_COMPILER_APPICON_NAME = AppIcon;
				CODE_SIGN_STYLE = Automatic;
				INFOPLIST_FILE = CodeChallenge/Info.plist;
				LD_RUNPATH_SEARCH_PATHS = (
					"$(inherited)",
					"@executable_path/Frameworks",
				);
				PRODUCT_BUNDLE_IDENTIFIER = Home.CodeChallenge;
				PRODUCT_NAME = "$(TARGET_NAME)";
				SWIFT_VERSION = 5.0;
				TARGETED_DEVICE_FAMILY = "1,2";
			};
			name = Debug;
		};
		E32CD41E256C285200361427 /* Release */ = {
			isa = XCBuildConfiguration;
			baseConfigurationReference = 278090823867D8EFF48C50B6 /* Pods-CodeChallenge.release.xcconfig */;
			buildSettings = {
				ASSETCATALOG_COMPILER_APPICON_NAME = AppIcon;
				CODE_SIGN_STYLE = Automatic;
				INFOPLIST_FILE = CodeChallenge/Info.plist;
				LD_RUNPATH_SEARCH_PATHS = (
					"$(inherited)",
					"@executable_path/Frameworks",
				);
				PRODUCT_BUNDLE_IDENTIFIER = Home.CodeChallenge;
				PRODUCT_NAME = "$(TARGET_NAME)";
				SWIFT_VERSION = 5.0;
				TARGETED_DEVICE_FAMILY = "1,2";
			};
			name = Release;
		};
/* End XCBuildConfiguration section */

/* Begin XCConfigurationList section */
		E32CD403256C285100361427 /* Build configuration list for PBXProject "CodeChallenge" */ = {
			isa = XCConfigurationList;
			buildConfigurations = (
				E32CD41A256C285200361427 /* Debug */,
				E32CD41B256C285200361427 /* Release */,
			);
			defaultConfigurationIsVisible = 0;
			defaultConfigurationName = Release;
		};
		E32CD41C256C285200361427 /* Build configuration list for PBXNativeTarget "CodeChallenge" */ = {
			isa = XCConfigurationList;
			buildConfigurations = (
				E32CD41D256C285200361427 /* Debug */,
				E32CD41E256C285200361427 /* Release */,
			);
			defaultConfigurationIsVisible = 0;
			defaultConfigurationName = Release;
		};
/* End XCConfigurationList section */
	};
	rootObject = E32CD400256C285100361427 /* Project object */;
}
